{
  "name": "9",
  "version": "1.0.0",
  "lockfileVersion": 2,
  "requires": true,
  "packages": {
    "": {
      "version": "1.0.0",
      "license": "ISC",
      "dependencies": {
        "wait-console-input": "^0.1.7"
      }
    },
    "node_modules/readline-sync": {
      "version": "1.4.10",
      "resolved": "https://registry.npmjs.org/readline-sync/-/readline-sync-1.4.10.tgz",
      "integrity": "sha512-gNva8/6UAe8QYepIQH/jQ2qn91Qj0B9sYjMBBs3QOB8F2CXcKgLxQaJRP76sWVRQt+QU+8fAkCbCvjjMFu7Ycw==",
      "engines": {
        "node": ">= 0.8.0"
      }
    },
    "node_modules/wait-console-input": {
      "version": "0.1.7",
      "resolved": "https://registry.npmjs.org/wait-console-input/-/wait-console-input-0.1.7.tgz",
      "integrity": "sha512-gDxDpK1hbpsCk9nryIDUhrtK6wS9ei/o//BTFSYdMChlKMpHVUdw0LSnPR9lVSMgBAKybbezUYA8XRjTqu11hQ==",
      "dependencies": {
        "readline-sync": "^1.4.9"
      }
    }
  },
  "dependencies": {
    "readline-sync": {
      "version": "1.4.10",
      "resolved": "https://registry.npmjs.org/readline-sync/-/readline-sync-1.4.10.tgz",
      "integrity": "sha512-gNva8/6UAe8QYepIQH/jQ2qn91Qj0B9sYjMBBs3QOB8F2CXcKgLxQaJRP76sWVRQt+QU+8fAkCbCvjjMFu7Ycw=="
    },
    "wait-console-input": {
      "version": "0.1.7",
      "resolved": "https://registry.npmjs.org/wait-console-input/-/wait-console-input-0.1.7.tgz",
      "integrity": "sha512-gDxDpK1hbpsCk9nryIDUhrtK6wS9ei/o//BTFSYdMChlKMpHVUdw0LSnPR9lVSMgBAKybbezUYA8XRjTqu11hQ==",
      "requires": {
        "readline-sync": "^1.4.9"
      }
    }
  }
}
